
Microsoft Visual Studio Solution File, Format Version 12.00
# Visual Studio 14
VisualStudioVersion = 14.0.25420.1
MinimumVisualStudioVersion = 10.0.40219.1
Project("{FAE04EC0-301F-11D3-BF4B-00C04F79EFBC}") = "AggregateOperatorsDemo", "AggregateOperatorsDemo\AggregateOperatorsDemo.csproj", "{EED8ABC7-3180-4323-BD9F-049A18A7C198}"
EndProject
Project("{FAE04EC0-301F-11D3-BF4B-00C04F79EFBC}") = "FilteringOperatorsDemo", "FilteringOperatorsDemo\FilteringOperatorsDemo.csproj", "{70092EBD-8950-414B-B0B3-39087EB6EE10}"
EndProject
Project("{FAE04EC0-301F-11D3-BF4B-00C04F79EFBC}") = "ProjectionOperatorsDemo", "Projection\ProjectionOperatorsDemo.csproj", "{738013BB-7087-45D5-AFF4-D1062F979852}"
EndProject
Project("{FAE04EC0-301F-11D3-BF4B-00C04F79EFBC}") = "SortingOperatorsDemo", "SortingOperatorsDemo\SortingOperatorsDemo.csproj", "{E954E1F9-4C65-4EE2-ACA0-C30B253F40D7}"
EndProject
Project("{FAE04EC0-301F-11D3-BF4B-00C04F79EFBC}") = "PartitionOperators", "PartitionOperators\PartitionOperators.csproj", "{2D810B5A-1AA4-46DD-A524-D5B476FB2518}"
EndProject
Project("{FAE04EC0-301F-11D3-BF4B-00C04F79EFBC}") = "CastOperatorsDemo", "CastOperatorsDemo\CastOperatorsDemo.csproj", "{AEC9B649-80A1-44AE-BC46-9811C89B4FB2}"
EndProject
Global
	GlobalSection(SolutionConfigurationPlatforms) = preSolution
		Debug|Any CPU = Debug|Any CPU
		Release|Any CPU = Release|Any CPU
	EndGlobalSection
	GlobalSection(ProjectConfigurationPlatforms) = postSolution
		{EED8ABC7-3180-4323-BD9F-049A18A7C198}.Debug|Any CPU.ActiveCfg = Debug|Any CPU
		{EED8ABC7-3180-4323-BD9F-049A18A7C198}.Debug|Any CPU.Build.0 = Debug|Any CPU
		{EED8ABC7-3180-4323-BD9F-049A18A7C198}.Release|Any CPU.ActiveCfg = Release|Any CPU
		{EED8ABC7-3180-4323-BD9F-049A18A7C198}.Release|Any CPU.Build.0 = Release|Any CPU
		{70092EBD-8950-414B-B0B3-39087EB6EE10}.Debug|Any CPU.ActiveCfg = Debug|Any CPU
		{70092EBD-8950-414B-B0B3-39087EB6EE10}.Debug|Any CPU.Build.0 = Debug|Any CPU
		{70092EBD-8950-414B-B0B3-39087EB6EE10}.Release|Any CPU.ActiveCfg = Release|Any CPU
		{70092EBD-8950-414B-B0B3-39087EB6EE10}.Release|Any CPU.Build.0 = Release|Any CPU
		{738013BB-7087-45D5-AFF4-D1062F979852}.Debug|Any CPU.ActiveCfg = Debug|Any CPU
		{738013BB-7087-45D5-AFF4-D1062F979852}.Debug|Any CPU.Build.0 = Debug|Any CPU
		{738013BB-7087-45D5-AFF4-D1062F979852}.Release|Any CPU.ActiveCfg = Release|Any CPU
		{738013BB-7087-45D5-AFF4-D1062F979852}.Release|Any CPU.Build.0 = Release|Any CPU
		{E954E1F9-4C65-4EE2-ACA0-C30B253F40D7}.Debug|Any CPU.ActiveCfg = Debug|Any CPU
		{E954E1F9-4C65-4EE2-ACA0-C30B253F40D7}.Debug|Any CPU.Build.0 = Debug|Any CPU
		{E954E1F9-4C65-4EE2-ACA0-C30B253F40D7}.Release|Any CPU.ActiveCfg = Release|Any CPU
		{E954E1F9-4C65-4EE2-ACA0-C30B253F40D7}.Release|Any CPU.Build.0 = Release|Any CPU
		{2D810B5A-1AA4-46DD-A524-D5B476FB2518}.Debug|Any CPU.ActiveCfg = Debug|Any CPU
		{2D810B5A-1AA4-46DD-A524-D5B476FB2518}.Debug|Any CPU.Build.0 = Debug|Any CPU
		{2D810B5A-1AA4-46DD-A524-D5B476FB2518}.Release|Any CPU.ActiveCfg = Release|Any CPU
		{2D810B5A-1AA4-46DD-A524-D5B476FB2518}.Release|Any CPU.Build.0 = Release|Any CPU
		{AEC9B649-80A1-44AE-BC46-9811C89B4FB2}.Debug|Any CPU.ActiveCfg = Debug|Any CPU
		{AEC9B649-80A1-44AE-BC46-9811C89B4FB2}.Debug|Any CPU.Build.0 = Debug|Any CPU
		{AEC9B649-80A1-44AE-BC46-9811C89B4FB2}.Release|Any CPU.ActiveCfg = Release|Any CPU
		{AEC9B649-80A1-44AE-BC46-9811C89B4FB2}.Release|Any CPU.Build.0 = Release|Any CPU
	EndGlobalSection
	GlobalSection(SolutionProperties) = preSolution
		HideSolutionNode = FALSE
	EndGlobalSection
EndGlobal
